
Microsoft Visual Studio Solution File, Format Version 12.00
# Visual Studio Version 17
VisualStudioVersion = 17.13.35919.96 d17.13
MinimumVisualStudioVersion = 10.0.40219.1
Project("{FAE04EC0-301F-11D3-BF4B-00C04F79EFBC}") = "Freight_transportation_system", "Freight_transportation_system.csproj", "{D252378F-E93A-4B82-B56B-9572018F7BB4}"
EndProject
Global
	GlobalSection(SolutionConfigurationPlatforms) = preSolution
		Debug|Any CPU = Debug|Any CPU
		Release|Any CPU = Release|Any CPU
	EndGlobalSection
	GlobalSection(ProjectConfigurationPlatforms) = postSolution
		{D252378F-E93A-4B82-B56B-9572018F7BB4}.Debug|Any CPU.ActiveCfg = Debug|Any CPU
		{D252378F-E93A-4B82-B56B-9572018F7BB4}.Debug|Any CPU.Build.0 = Debug|Any CPU
		{D252378F-E93A-4B82-B56B-9572018F7BB4}.Release|Any CPU.ActiveCfg = Release|Any CPU
		{D252378F-E93A-4B82-B56B-9572018F7BB4}.Release|Any CPU.Build.0 = Release|Any CPU
	EndGlobalSection
	GlobalSection(SolutionProperties) = preSolution
		HideSolutionNode = FALSE
	EndGlobalSection
	GlobalSection(ExtensibilityGlobals) = postSolution
		SolutionGuid = {7772B108-3300-484B-89CE-A7F942548FA3}
	EndGlobalSection
EndGlobal
